
Microsoft Visual Studio Solution File, Format Version 12.00
# Visual Studio Version 17
VisualStudioVersion = 17.12.35527.113 d17.12
MinimumVisualStudioVersion = 10.0.40219.1
Project("{FAE04EC0-301F-11D3-BF4B-00C04F79EFBC}") = "PdfToVideo", "PdfToVideo\PdfToVideo.csproj", "{CEAF0D64-0D54-4486-8EF5-B84D475722C4}"
EndProject
Global
	GlobalSection(SolutionConfigurationPlatforms) = preSolution
		Debug|Any CPU = Debug|Any CPU
		Release|Any CPU = Release|Any CPU
	EndGlobalSection
	GlobalSection(ProjectConfigurationPlatforms) = postSolution
		{CEAF0D64-0D54-4486-8EF5-B84D475722C4}.Debug|Any CPU.ActiveCfg = Debug|Any CPU
		{CEAF0D64-0D54-4486-8EF5-B84D475722C4}.Debug|Any CPU.Build.0 = Debug|Any CPU
		{CEAF0D64-0D54-4486-8EF5-B84D475722C4}.Release|Any CPU.ActiveCfg = Release|Any CPU
		{CEAF0D64-0D54-4486-8EF5-B84D475722C4}.Release|Any CPU.Build.0 = Release|Any CPU
	EndGlobalSection
	GlobalSection(SolutionProperties) = preSolution
		HideSolutionNode = FALSE
	EndGlobalSection
EndGlobal
